{
  "originHash" : "d4ebd53e067077dd801f053d0e53ff41d142e4c5de7938abc62e7bd7073a759a",
  "pins" : [
    {
      "identity" : "opacity-ios",
      "kind" : "remoteSourceControl",
      "location" : "git@github.com:OpacityLabs/opacity-ios.git",
      "state" : {
        "revision" : "21bace103be5dff0408bcfd75ab05a8415eb0736",
        "version" : "3.23.64"
      }
    }
  ],
  "version" : 3
}
