{
  "originHash" : "d4ebd53e067077dd801f053d0e53ff41d142e4c5de7938abc62e7bd7073a759a",
  "pins" : [
    {
      "identity" : "opacity-ios",
      "kind" : "remoteSourceControl",
      "location" : "git@github.com:OpacityLabs/opacity-ios.git",
      "state" : {
        "revision" : "e0a7aecfb99bbbf1f2386ce394cff66a794b24a2",
        "version" : "3.5.1"
      }
    }
  ],
  "version" : 3
}
