{
  "originHash" : "d4ebd53e067077dd801f053d0e53ff41d142e4c5de7938abc62e7bd7073a759a",
  "pins" : [
    {
      "identity" : "opacity-ios",
      "kind" : "remoteSourceControl",
      "location" : "git@github.com:OpacityLabs/opacity-ios.git",
      "state" : {
        "revision" : "a7a867654d1528e18f299cdb7cdf19a558748ca8",
        "version" : "3.20.8"
      }
    }
  ],
  "version" : 3
}
