{
  "originHash" : "d4ebd53e067077dd801f053d0e53ff41d142e4c5de7938abc62e7bd7073a759a",
  "pins" : [
    {
      "identity" : "opacity-ios",
      "kind" : "remoteSourceControl",
      "location" : "git@github.com:OpacityLabs/opacity-ios.git",
      "state" : {
        "branch" : "main",
        "revision" : "46cb532c0b949ac0f1baaf8416b97ec1678716b0"
      }
    }
  ],
  "version" : 3
}
